// !$*UTF8*$!
{
	archiveVersion = 1;
	classes = {
	};
	objectVersion = 50;
	objects = {

/* Begin PBXBuildFile section */
		C8F0DFC326A601A200F4BC7E /* AppDelegate.swift in Sources */ = {isa = PBXBuildFile; fileRef = C8F0DFC226A601A200F4BC7E /* AppDelegate.swift */; };
		C8F0DFC526A601A200F4BC7E /* SceneDelegate.swift in Sources */ = {isa = PBXBuildFile; fileRef = C8F0DFC426A601A200F4BC7E /* SceneDelegate.swift */; };
		C8F0DFC726A601A200F4BC7E /* ViewController.swift in Sources */ = {isa = PBXBuildFile; fileRef = C8F0DFC626A601A200F4BC7E /* ViewController.swift */; };
		C8F0DFCA26A601A200F4BC7E /* Main.storyboard in Resources */ = {isa = PBXBuildFile; fileRef = C8F0DFC826A601A200F4BC7E /* Main.storyboard */; };
		C8F0DFCD26A601A200F4BC7E /* toDoList.xcdatamodeld in Sources */ = {isa = PBXBuildFile; fileRef = C8F0DFCB26A601A200F4BC7E /* toDoList.xcdatamodeld */; };
		C8F0DFCF26A601A700F4BC7E /* Assets.xcassets in Resources */ = {isa = PBXBuildFile; fileRef = C8F0DFCE26A601A700F4BC7E /* Assets.xcassets */; };
		C8F0DFD226A601A700F4BC7E /* LaunchScreen.storyboard in Resources */ = {isa = PBXBuildFile; fileRef = C8F0DFD026A601A700F4BC7E /* LaunchScreen.storyboard */; };
		C8F0DFDD26A601A700F4BC7E /* toDoListTests.swift in Sources */ = {isa = PBXBuildFile; fileRef = C8F0DFDC26A601A700F4BC7E /* toDoListTests.swift */; };
		C8F0DFE826A601A700F4BC7E /* toDoListUITests.swift in Sources */ = {isa = PBXBuildFile; fileRef = C8F0DFE726A601A700F4BC7E /* toDoListUITests.swift */; };
/* End PBXBuildFile section */

/* Begin PBXContainerItemProxy section */
		C8F0DFD926A601A700F4BC7E /* PBXContainerItemProxy */ = {
			isa = PBXContainerItemProxy;
			containerPortal = C8F0DFB726A601A200F4BC7E /* Project object */;
			proxyType = 1;
			remoteGlobalIDString = C8F0DFBE26A601A200F4BC7E;
			remoteInfo = toDoList;
		};
		C8F0DFE426A601A700F4BC7E /* PBXContainerItemProxy */ = {
			isa = PBXContainerItemProxy;
			containerPortal = C8F0DFB726A601A200F4BC7E /* Project object */;
			proxyType = 1;
			remoteGlobalIDString = C8F0DFBE26A601A200F4BC7E;
			remoteInfo = toDoList;
		};
/* End PBXContainerItemProxy section */

/* Begin PBXFileReference section */
		C8F0DFBF26A601A200F4BC7E /* toDoList.app */ = {isa = PBXFileReference; explicitFileType = wrapper.application; includeInIndex = 0; path = toDoList.app; sourceTree = BUILT_PRODUCTS_DIR; };
		C8F0DFC226A601A200F4BC7E /* AppDelegate.swift */ = {isa = PBXFileReference; lastKnownFileType = sourcecode.swift; path = AppDelegate.swift; sourceTree = "<group>"; };
		C8F0DFC426A601A200F4BC7E /* SceneDelegate.swift */ = {isa = PBXFileReference; lastKnownFileType = sourcecode.swift; path = SceneDelegate.swift; sourceTree = "<group>"; };
		C8F0DFC626A601A200F4BC7E /* ViewController.swift */ = {isa = PBXFileReference; lastKnownFileType = sourcecode.swift; path = ViewController.swift; sourceTree = "<group>"; };
		C8F0DFC926A601A200F4BC7E /* Base */ = {isa = PBXFileReference; lastKnownFileType = file.storyboard; name = Base; path = Base.lproj/Main.storyboard; sourceTree = "<group>"; };
		C8F0DFCC26A601A200F4BC7E /* toDoList.xcdatamodel */ = {isa = PBXFileReference; lastKnownFileType = wrapper.xcdatamodel; path = toDoList.xcdatamodel; sourceTree = "<group>"; };
		C8F0DFCE26A601A700F4BC7E /* Assets.xcassets */ = {isa = PBXFileReference; lastKnownFileType = folder.assetcatalog; path = Assets.xcassets; sourceTree = "<group>"; };
		C8F0DFD126A601A700F4BC7E /* Base */ = {isa = PBXFileReference; lastKnownFileType = file.storyboard; name = Base; path = Base.lproj/LaunchScreen.storyboard; sourceTree = "<group>"; };
		C8F0DFD326A601A700F4BC7E /* Info.plist */ = {isa = PBXFileReference; lastKnownFileType = text.plist.xml; path = Info.plist; sourceTree = "<group>"; };
		C8F0DFD826A601A700F4BC7E /* toDoListTests.xctest */ = {isa = PBXFileReference; explicitFileType = wrapper.cfbundle; includeInIndex = 0; path = toDoListTests.xctest; sourceTree = BUILT_PRODUCTS_DIR; };
		C8F0DFDC26A601A700F4BC7E /* toDoListTests.swift */ = {isa = PBXFileReference; lastKnownFileType = sourcecode.swift; path = toDoListTests.swift; sourceTree = "<group>"; };
		C8F0DFDE26A601A700F4BC7E /* Info.plist */ = {isa = PBXFileReference; lastKnownFileType = text.plist.xml; path = Info.plist; sourceTree = "<group>"; };
		C8F0DFE326A601A700F4BC7E /* toDoListUITests.xctest */ = {isa = PBXFileReference; explicitFileType = wrapper.cfbundle; includeInIndex = 0; path = toDoListUITests.xctest; sourceTree = BUILT_PRODUCTS_DIR; };
		C8F0DFE726A601A700F4BC7E /* toDoListUITests.swift */ = {isa = PBXFileReference; lastKnownFileType = sourcecode.swift; path = toDoListUITests.swift; sourceTree = "<group>"; };
		C8F0DFE926A601A700F4BC7E /* Info.plist */ = {isa = PBXFileReference; lastKnownFileType = text.plist.xml; path = Info.plist; sourceTree = "<group>"; };
/* End PBXFileReference section */

/* Begin PBXFrameworksBuildPhase section */
		C8F0DFBC26A601A200F4BC7E /* Frameworks */ = {
			isa = PBXFrameworksBuildPhase;
			buildActionMask = 2147483647;
			files = (
			);
			runOnlyForDeploymentPostprocessing = 0;
		};
		C8F0DFD526A601A700F4BC7E /* Frameworks */ = {
			isa = PBXFrameworksBuildPhase;
			buildActionMask = 2147483647;
			files = (
			);
			runOnlyForDeploymentPostprocessing = 0;
		};
		C8F0DFE026A601A700F4BC7E /* Frameworks */ = {
			isa = PBXFrameworksBuildPhase;
			buildActionMask = 2147483647;
			files = (
			);
			runOnlyForDeploymentPostprocessing = 0;
		};
/* End PBXFrameworksBuildPhase section */

/* Begin PBXGroup section */
		C8F0DFB626A601A200F4BC7E = {
			isa = PBXGroup;
			children = (
				C8F0DFC126A601A200F4BC7E /* toDoList */,
				C8F0DFDB26A601A700F4BC7E /* toDoListTests */,
				C8F0DFE626A601A700F4BC7E /* toDoListUITests */,
				C8F0DFC026A601A200F4BC7E /* Products */,
			);
			sourceTree = "<group>";
		};
		C8F0DFC026A601A200F4BC7E /* Products */ = {
			isa = PBXGroup;
			children = (
				C8F0DFBF26A601A200F4BC7E /* toDoList.app */,
				C8F0DFD826A601A700F4BC7E /* toDoListTests.xctest */,
				C8F0DFE326A601A700F4BC7E /* toDoListUITests.xctest */,
			);
			name = Products;
			sourceTree = "<group>";
		};
		C8F0DFC126A601A200F4BC7E /* toDoList */ = {
			isa = PBXGroup;
			children = (
				C8F0DFC226A601A200F4BC7E /* AppDelegate.swift */,
				C8F0DFC426A601A200F4BC7E /* SceneDelegate.swift */,
				C8F0DFC626A601A200F4BC7E /* ViewController.swift */,
				C8F0DFC826A601A200F4BC7E /* Main.storyboard */,
				C8F0DFCE26A601A700F4BC7E /* Assets.xcassets */,
				C8F0DFD026A601A700F4BC7E /* LaunchScreen.storyboard */,
				C8F0DFD326A601A700F4BC7E /* Info.plist */,
				C8F0DFCB26A601A200F4BC7E /* toDoList.xcdatamodeld */,
			);
			path = toDoList;
			sourceTree = "<group>";
		};
		C8F0DFDB26A601A700F4BC7E /* toDoListTests */ = {
			isa = PBXGroup;
			children = (
				C8F0DFDC26A601A700F4BC7E /* toDoListTests.swift */,
				C8F0DFDE26A601A700F4BC7E /* Info.plist */,
			);
			path = toDoListTests;
			sourceTree = "<group>";
		};
		C8F0DFE626A601A700F4BC7E /* toDoListUITests */ = {
			isa = PBXGroup;
			children = (
				C8F0DFE726A601A700F4BC7E /* toDoListUITests.swift */,
				C8F0DFE926A601A700F4BC7E /* Info.plist */,
			);
			path = toDoListUITests;
			sourceTree = "<group>";
		};
/* End PBXGroup section */

/* Begin PBXNativeTarget section */
		C8F0DFBE26A601A200F4BC7E /* toDoList */ = {
			isa = PBXNativeTarget;
			buildConfigurationList = C8F0DFEC26A601A700F4BC7E /* Build configuration list for PBXNativeTarget "toDoList" */;
			buildPhases = (
				C8F0DFBB26A601A200F4BC7E /* Sources */,
				C8F0DFBC26A601A200F4BC7E /* Frameworks */,
				C8F0DFBD26A601A200F4BC7E /* Resources */,
			);
			buildRules = (
			);
			dependencies = (
			);
			name = toDoList;
			productName = toDoList;
			productReference = C8F0DFBF26A601A200F4BC7E /* toDoList.app */;
			productType = "com.apple.product-type.application";
		};
		C8F0DFD726A601A700F4BC7E /* toDoListTests */ = {
			isa = PBXNativeTarget;
			buildConfigurationList = C8F0DFEF26A601A700F4BC7E /* Build configuration list for PBXNativeTarget "toDoListTests" */;
			buildPhases = (
				C8F0DFD426A601A700F4BC7E /* Sources */,
				C8F0DFD526A601A700F4BC7E /* Frameworks */,
				C8F0DFD626A601A700F4BC7E /* Resources */,
			);
			buildRules = (
			);
			dependencies = (
				C8F0DFDA26A601A700F4BC7E /* PBXTargetDependency */,
			);
			name = toDoListTests;
			productName = toDoListTests;
			productReference = C8F0DFD826A601A700F4BC7E /* toDoListTests.xctest */;
			productType = "com.apple.product-type.bundle.unit-test";
		};
		C8F0DFE226A601A700F4BC7E /* toDoListUITests */ = {
			isa = PBXNativeTarget;
			buildConfigurationList = C8F0DFF226A601A700F4BC7E /* Build configuration list for PBXNativeTarget "toDoListUITests" */;
			buildPhases = (
				C8F0DFDF26A601A700F4BC7E /* Sources */,
				C8F0DFE026A601A700F4BC7E /* Frameworks */,
				C8F0DFE126A601A700F4BC7E /* Resources */,
			);
			buildRules = (
			);
			dependencies = (
				C8F0DFE526A601A700F4BC7E /* PBXTargetDependency */,
			);
			name = toDoListUITests;
			productName = toDoListUITests;
			productReference = C8F0DFE326A601A700F4BC7E /* toDoListUITests.xctest */;
			productType = "com.apple.product-type.bundle.ui-testing";
		};
/* End PBXNativeTarget section */

/* Begin PBXProject section */
		C8F0DFB726A601A200F4BC7E /* Project object */ = {
			isa = PBXProject;
			attributes = {
				LastSwiftUpdateCheck = 1250;
				LastUpgradeCheck = 1250;
				TargetAttributes = {
					C8F0DFBE26A601A200F4BC7E = {
						CreatedOnToolsVersion = 12.5.1;
					};
					C8F0DFD726A601A700F4BC7E = {
						CreatedOnToolsVersion = 12.5.1;
						TestTargetID = C8F0DFBE26A601A200F4BC7E;
					};
					C8F0DFE226A601A700F4BC7E = {
						CreatedOnToolsVersion = 12.5.1;
						TestTargetID = C8F0DFBE26A601A200F4BC7E;
					};
				};
			};
			buildConfigurationList = C8F0DFBA26A601A200F4BC7E /* Build configuration list for PBXProject "toDoList" */;
			compatibilityVersion = "Xcode 9.3";
			developmentRegion = en;
			hasScannedForEncodings = 0;
			knownRegions = (
				en,
				Base,
			);
			mainGroup = C8F0DFB626A601A200F4BC7E;
			productRefGroup = C8F0DFC026A601A200F4BC7E /* Products */;
			projectDirPath = "";
			projectRoot = "";
			targets = (
				C8F0DFBE26A601A200F4BC7E /* toDoList */,
				C8F0DFD726A601A700F4BC7E /* toDoListTests */,
				C8F0DFE226A601A700F4BC7E /* toDoListUITests */,
			);
		};
/* End PBXProject section */

/* Begin PBXResourcesBuildPhase section */
		C8F0DFBD26A601A200F4BC7E /* Resources */ = {
			isa = PBXResourcesBuildPhase;
			buildActionMask = 2147483647;
			files = (
				C8F0DFD226A601A700F4BC7E /* LaunchScreen.storyboard in Resources */,
				C8F0DFCF26A601A700F4BC7E /* Assets.xcassets in Resources */,
				C8F0DFCA26A601A200F4BC7E /* Main.storyboard in Resources */,
			);
			runOnlyForDeploymentPostprocessing = 0;
		};
		C8F0DFD626A601A700F4BC7E /* Resources */ = {
			isa = PBXResourcesBuildPhase;
			buildActionMask = 2147483647;
			files = (
			);
			runOnlyForDeploymentPostprocessing = 0;
		};
		C8F0DFE126A601A700F4BC7E /* Resources */ = {
			isa = PBXResourcesBuildPhase;
			buildActionMask = 2147483647;
			files = (
			);
			runOnlyForDeploymentPostprocessing = 0;
		};
/* End PBXResourcesBuildPhase section */

/* Begin PBXSourcesBuildPhase section */
		C8F0DFBB26A601A200F4BC7E /* Sources */ = {
			isa = PBXSourcesBuildPhase;
			buildActionMask = 2147483647;
			files = (
				C8F0DFC726A601A200F4BC7E /* ViewController.swift in Sources */,
				C8F0DFC326A601A200F4BC7E /* AppDelegate.swift in Sources */,
				C8F0DFC526A601A200F4BC7E /* SceneDelegate.swift in Sources */,
				C8F0DFCD26A601A200F4BC7E /* toDoList.xcdatamodeld in Sources */,
			);
			runOnlyForDeploymentPostprocessing = 0;
		};
		C8F0DFD426A601A700F4BC7E /* Sources */ = {
			isa = PBXSourcesBuildPhase;
			buildActionMask = 2147483647;
			files = (
				C8F0DFDD26A601A700F4BC7E /* toDoListTests.swift in Sources */,
			);
			runOnlyForDeploymentPostprocessing = 0;
		};
		C8F0DFDF26A601A700F4BC7E /* Sources */ = {
			isa = PBXSourcesBuildPhase;
			buildActionMask = 2147483647;
			files = (
				C8F0DFE826A601A700F4BC7E /* toDoListUITests.swift in Sources */,
			);
			runOnlyForDeploymentPostprocessing = 0;
		};
/* End PBXSourcesBuildPhase section */

/* Begin PBXTargetDependency section */
		C8F0DFDA26A601A700F4BC7E /* PBXTargetDependency */ = {
			isa = PBXTargetDependency;
			target = C8F0DFBE26A601A200F4BC7E /* toDoList */;
			targetProxy = C8F0DFD926A601A700F4BC7E /* PBXContainerItemProxy */;
		};
		C8F0DFE526A601A700F4BC7E /* PBXTargetDependency */ = {
			isa = PBXTargetDependency;
			target = C8F0DFBE26A601A200F4BC7E /* toDoList */;
			targetProxy = C8F0DFE426A601A700F4BC7E /* PBXContainerItemProxy */;
		};
/* End PBXTargetDependency section */

/* Begin PBXVariantGroup section */
		C8F0DFC826A601A200F4BC7E /* Main.storyboard */ = {
			isa = PBXVariantGroup;
			children = (
				C8F0DFC926A601A200F4BC7E /* Base */,
			);
			name = Main.storyboard;
			sourceTree = "<group>";
		};
		C8F0DFD026A601A700F4BC7E /* LaunchScreen.storyboard */ = {
			isa = PBXVariantGroup;
			children = (
				C8F0DFD126A601A700F4BC7E /* Base */,
			);
			name = LaunchScreen.storyboard;
			sourceTree = "<group>";
		};
/* End PBXVariantGroup section */

/* Begin XCBuildConfiguration section */
		C8F0DFEA26A601A700F4BC7E /* Debug */ = {
			isa = XCBuildConfiguration;
			buildSettings = {
				ALWAYS_SEARCH_USER_PATHS = NO;
				CLANG_ANALYZER_NONNULL = YES;
				CLANG_ANALYZER_NUMBER_OBJECT_CONVERSION = YES_AGGRESSIVE;
				CLANG_CXX_LANGUAGE_STANDARD = "gnu++14";
				CLANG_CXX_LIBRARY = "libc++";
				CLANG_ENABLE_MODULES = YES;
				CLANG_ENABLE_OBJC_ARC = YES;
				CLANG_ENABLE_OBJC_WEAK = YES;
				CLANG_WARN_BLOCK_CAPTURE_AUTORELEASING = YES;
				CLANG_WARN_BOOL_CONVERSION = YES;
				CLANG_WARN_COMMA = YES;
				CLANG_WARN_CONSTANT_CONVERSION = YES;
				CLANG_WARN_DEPRECATED_OBJC_IMPLEMENTATIONS = YES;
				CLANG_WARN_DIRECT_OBJC_ISA_USAGE = YES_ERROR;
				CLANG_WARN_DOCUMENTATION_COMMENTS = YES;
				CLANG_WARN_EMPTY_BODY = YES;
				CLANG_WARN_ENUM_CONVERSION = YES;
				CLANG_WARN_INFINITE_RECURSION = YES;
				CLANG_WARN_INT_CONVERSION = YES;
				CLANG_WARN_NON_LITERAL_NULL_CONVERSION = YES;
				CLANG_WARN_OBJC_IMPLICIT_RETAIN_SELF = YES;
				CLANG_WARN_OBJC_LITERAL_CONVERSION = YES;
				CLANG_WARN_OBJC_ROOT_CLASS = YES_ERROR;
				CLANG_WARN_QUOTED_INCLUDE_IN_FRAMEWORK_HEADER = YES;
				CLANG_WARN_RANGE_LOOP_ANALYSIS = YES;
				CLANG_WARN_STRICT_PROTOTYPES = YES;
				CLANG_WARN_SUSPICIOUS_MOVE = YES;
				CLANG_WARN_UNGUARDED_AVAILABILITY = YES_AGGRESSIVE;
				CLANG_WARN_UNREACHABLE_CODE = YES;
				CLANG_WARN__DUPLICATE_METHOD_MATCH = YES;
				COPY_PHASE_STRIP = NO;
				DEBUG_INFORMATION_FORMAT = dwarf;
				ENABLE_STRICT_OBJC_MSGSEND = YES;
				ENABLE_TESTABILITY = YES;
				GCC_C_LANGUAGE_STANDARD = gnu11;
				GCC_DYNAMIC_NO_PIC = NO;
				GCC_NO_COMMON_BLOCKS = YES;
				GCC_OPTIMIZATION_LEVEL = 0;
				GCC_PREPROCESSOR_DEFINITIONS = (
					"DEBUG=1",
					"$(inherited)",
				);
				GCC_WARN_64_TO_32_BIT_CONVERSION = YES;
				GCC_WARN_ABOUT_RETURN_TYPE = YES_ERROR;
				GCC_WARN_UNDECLARED_SELECTOR = YES;
				GCC_WARN_UNINITIALIZED_AUTOS = YES_AGGRESSIVE;
				GCC_WARN_UNUSED_FUNCTION = YES;
				GCC_WARN_UNUSED_VARIABLE = YES;
				IPHONEOS_DEPLOYMENT_TARGET = 14.5;
				MTL_ENABLE_DEBUG_INFO = INCLUDE_SOURCE;
				MTL_FAST_MATH = YES;
				ONLY_ACTIVE_ARCH = YES;
				SDKROOT = iphoneos;
				SWIFT_ACTIVE_COMPILATION_CONDITIONS = DEBUG;
				SWIFT_OPTIMIZATION_LEVEL = "-Onone";
			};
			name = Debug;
		};
		C8F0DFEB26A601A700F4BC7E /* Release */ = {
			isa = XCBuildConfiguration;
			buildSettings = {
				ALWAYS_SEARCH_USER_PATHS = NO;
				CLANG_ANALYZER_NONNULL = YES;
				CLANG_ANALYZER_NUMBER_OBJECT_CONVERSION = YES_AGGRESSIVE;
				CLANG_CXX_LANGUAGE_STANDARD = "gnu++14";
				CLANG_CXX_LIBRARY = "libc++";
				CLANG_ENABLE_MODULES = YES;
				CLANG_ENABLE_OBJC_ARC = YES;
				CLANG_ENABLE_OBJC_WEAK = YES;
				CLANG_WARN_BLOCK_CAPTURE_AUTORELEASING = YES;
				CLANG_WARN_BOOL_CONVERSION = YES;
				CLANG_WARN_COMMA = YES;
				CLANG_WARN_CONSTANT_CONVERSION = YES;
				CLANG_WARN_DEPRECATED_OBJC_IMPLEMENTATIONS = YES;
				CLANG_WARN_DIRECT_OBJC_ISA_USAGE = YES_ERROR;
				CLANG_WARN_DOCUMENTATION_COMMENTS = YES;
				CLANG_WARN_EMPTY_BODY = YES;
				CLANG_WARN_ENUM_CONVERSION = YES;
				CLANG_WARN_INFINITE_RECURSION = YES;
				CLANG_WARN_INT_CONVERSION = YES;
				CLANG_WARN_NON_LITERAL_NULL_CONVERSION = YES;
				CLANG_WARN_OBJC_IMPLICIT_RETAIN_SELF = YES;
				CLANG_WARN_OBJC_LITERAL_CONVERSION = YES;
				CLANG_WARN_OBJC_ROOT_CLASS = YES_ERROR;
				CLANG_WARN_QUOTED_INCLUDE_IN_FRAMEWORK_HEADER = YES;
				CLANG_WARN_RANGE_LOOP_ANALYSIS = YES;
				CLANG_WARN_STRICT_PROTOTYPES = YES;
				CLANG_WARN_SUSPICIOUS_MOVE = YES;
				CLANG_WARN_UNGUARDED_AVAILABILITY = YES_AGGRESSIVE;
				CLANG_WARN_UNREACHABLE_CODE = YES;
				CLANG_WARN__DUPLICATE_METHOD_MATCH = YES;
				COPY_PHASE_STRIP = NO;
				DEBUG_INFORMATION_FORMAT = "dwarf-with-dsym";
				ENABLE_NS_ASSERTIONS = NO;
				ENABLE_STRICT_OBJC_MSGSEND = YES;
				GCC_C_LANGUAGE_STANDARD = gnu11;
				GCC_NO_COMMON_BLOCKS = YES;
				GCC_WARN_64_TO_32_BIT_CONVERSION = YES;
				GCC_WARN_ABOUT_RETURN_TYPE = YES_ERROR;
				GCC_WARN_UNDECLARED_SELECTOR = YES;
				GCC_WARN_UNINITIALIZED_AUTOS = YES_AGGRESSIVE;
				GCC_WARN_UNUSED_FUNCTION = YES;
				GCC_WARN_UNUSED_VARIABLE = YES;
				IPHONEOS_DEPLOYMENT_TARGET = 14.5;
				MTL_ENABLE_DEBUG_INFO = NO;
				MTL_FAST_MATH = YES;
				SDKROOT = iphoneos;
				SWIFT_COMPILATION_MODE = wholemodule;
				SWIFT_OPTIMIZATION_LEVEL = "-O";
				VALIDATE_PRODUCT = YES;
			};
			name = Release;
		};
		C8F0DFED26A601A700F4BC7E /* Debug */ = {
			isa = XCBuildConfiguration;
			buildSettings = {
				ASSETCATALOG_COMPILER_APPICON_NAME = AppIcon;
				ASSETCATALOG_COMPILER_GLOBAL_ACCENT_COLOR_NAME = AccentColor;
				CODE_SIGN_STYLE = Automatic;
				INFOPLIST_FILE = toDoList/Info.plist;
				LD_RUNPATH_SEARCH_PATHS = (
					"$(inherited)",
					"@executable_path/Frameworks",
				);
				PRODUCT_BUNDLE_IDENTIFIER = "kwk-2021.toDoList";
				PRODUCT_NAME = "$(TARGET_NAME)";
				SWIFT_VERSION = 5.0;
				TARGETED_DEVICE_FAMILY = "1,2";
			};
			name = Debug;
		};
		C8F0DFEE26A601A700F4BC7E /* Release */ = {
			isa = XCBuildConfiguration;
			buildSettings = {
				ASSETCATALOG_COMPILER_APPICON_NAME = AppIcon;
				ASSETCATALOG_COMPILER_GLOBAL_ACCENT_COLOR_NAME = AccentColor;
				CODE_SIGN_STYLE = Automatic;
				INFOPLIST_FILE = toDoList/Info.plist;
				LD_RUNPATH_SEARCH_PATHS = (
					"$(inherited)",
					"@executable_path/Frameworks",
				);
				PRODUCT_BUNDLE_IDENTIFIER = "kwk-2021.toDoList";
				PRODUCT_NAME = "$(TARGET_NAME)";
				SWIFT_VERSION = 5.0;
				TARGETED_DEVICE_FAMILY = "1,2";
			};
			name = Release;
		};
		C8F0DFF026A601A700F4BC7E /* Debug */ = {
			isa = XCBuildConfiguration;
			buildSettings = {
				ALWAYS_EMBED_SWIFT_STANDARD_LIBRARIES = YES;
				BUNDLE_LOADER = "$(TEST_HOST)";
				CODE_SIGN_STYLE = Automatic;
				INFOPLIST_FILE = toDoListTests/Info.plist;
				IPHONEOS_DEPLOYMENT_TARGET = 14.5;
				LD_RUNPATH_SEARCH_PATHS = (
					"$(inherited)",
					"@executable_path/Frameworks",
					"@loader_path/Frameworks",
				);
				PRODUCT_BUNDLE_IDENTIFIER = "kwk-2021.toDoListTests";
				PRODUCT_NAME = "$(TARGET_NAME)";
				SWIFT_VERSION = 5.0;
				TARGETED_DEVICE_FAMILY = "1,2";
				TEST_HOST = "$(BUILT_PRODUCTS_DIR)/toDoList.app/toDoList";
			};
			name = Debug;
		};
		C8F0DFF126A601A700F4BC7E /* Release */ = {
			isa = XCBuildConfiguration;
			buildSettings = {
				ALWAYS_EMBED_SWIFT_STANDARD_LIBRARIES = YES;
				BUNDLE_LOADER = "$(TEST_HOST)";
				CODE_SIGN_STYLE = Automatic;
				INFOPLIST_FILE = toDoListTests/Info.plist;
				IPHONEOS_DEPLOYMENT_TARGET = 14.5;
				LD_RUNPATH_SEARCH_PATHS = (
					"$(inherited)",
					"@executable_path/Frameworks",
					"@loader_path/Frameworks",
				);
				PRODUCT_BUNDLE_IDENTIFIER = "kwk-2021.toDoListTests";
				PRODUCT_NAME = "$(TARGET_NAME)";
				SWIFT_VERSION = 5.0;
				TARGETED_DEVICE_FAMILY = "1,2";
				TEST_HOST = "$(BUILT_PRODUCTS_DIR)/toDoList.app/toDoList";
			};
			name = Release;
		};
		C8F0DFF326A601A700F4BC7E /* Debug */ = {
			isa = XCBuildConfiguration;
			buildSettings = {
				ALWAYS_EMBED_SWIFT_STANDARD_LIBRARIES = YES;
				CODE_SIGN_STYLE = Automatic;
				INFOPLIST_FILE = toDoListUITests/Info.plist;
				LD_RUNPATH_SEARCH_PATHS = (
					"$(inherited)",
					"@executable_path/Frameworks",
					"@loader_path/Frameworks",
				);
				PRODUCT_BUNDLE_IDENTIFIER = "kwk-2021.toDoListUITests";
				PRODUCT_NAME = "$(TARGET_NAME)";
				SWIFT_VERSION = 5.0;
				TARGETED_DEVICE_FAMILY = "1,2";
				TEST_TARGET_NAME = toDoList;
			};
			name = Debug;
		};
		C8F0DFF426A601A700F4BC7E /* Release */ = {
			isa = XCBuildConfiguration;
			buildSettings = {
				ALWAYS_EMBED_SWIFT_STANDARD_LIBRARIES = YES;
				CODE_SIGN_STYLE = Automatic;
				INFOPLIST_FILE = toDoListUITests/Info.plist;
				LD_RUNPATH_SEARCH_PATHS = (
					"$(inherited)",
					"@executable_path/Frameworks",
					"@loader_path/Frameworks",
				);
				PRODUCT_BUNDLE_IDENTIFIER = "kwk-2021.toDoListUITests";
				PRODUCT_NAME = "$(TARGET_NAME)";
				SWIFT_VERSION = 5.0;
				TARGETED_DEVICE_FAMILY = "1,2";
				TEST_TARGET_NAME = toDoList;
			};
			name = Release;
		};
/* End XCBuildConfiguration section */

/* Begin XCConfigurationList section */
		C8F0DFBA26A601A200F4BC7E /* Build configuration list for PBXProject "toDoList" */ = {
			isa = XCConfigurationList;
			buildConfigurations = (
				C8F0DFEA26A601A700F4BC7E /* Debug */,
				C8F0DFEB26A601A700F4BC7E /* Release */,
			);
			defaultConfigurationIsVisible = 0;
			defaultConfigurationName = Release;
		};
		C8F0DFEC26A601A700F4BC7E /* Build configuration list for PBXNativeTarget "toDoList" */ = {
			isa = XCConfigurationList;
			buildConfigurations = (
				C8F0DFED26A601A700F4BC7E /* Debug */,
				C8F0DFEE26A601A700F4BC7E /* Release */,
			);
			defaultConfigurationIsVisible = 0;
			defaultConfigurationName = Release;
		};
		C8F0DFEF26A601A700F4BC7E /* Build configuration list for PBXNativeTarget "toDoListTests" */ = {
			isa = XCConfigurationList;
			buildConfigurations = (
				C8F0DFF026A601A700F4BC7E /* Debug */,
				C8F0DFF126A601A700F4BC7E /* Release */,
			);
			defaultConfigurationIsVisible = 0;
			defaultConfigurationName = Release;
		};
		C8F0DFF226A601A700F4BC7E /* Build configuration list for PBXNativeTarget "toDoListUITests" */ = {
			isa = XCConfigurationList;
			buildConfigurations = (
				C8F0DFF326A601A700F4BC7E /* Debug */,
				C8F0DFF426A601A700F4BC7E /* Release */,
			);
			defaultConfigurationIsVisible = 0;
			defaultConfigurationName = Release;
		};
/* End XCConfigurationList section */

/* Begin XCVersionGroup section */
		C8F0DFCB26A601A200F4BC7E /* toDoList.xcdatamodeld */ = {
			isa = XCVersionGroup;
			children = (
				C8F0DFCC26A601A200F4BC7E /* toDoList.xcdatamodel */,
			);
			currentVersion = C8F0DFCC26A601A200F4BC7E /* toDoList.xcdatamodel */;
			path = toDoList.xcdatamodeld;
			sourceTree = "<group>";
			versionGroupType = wrapper.xcdatamodel;
		};
/* End XCVersionGroup section */
	};
	rootObject = C8F0DFB726A601A200F4BC7E /* Project object */;
}
